{
  "lockfileVersion": 1,
  "configVersion": 0,
  "workspaces": {
    "": {
      "name": "simple-session-echo-bot",
      "dependencies": {
        "@session.js/client": "^0.0.57",
        "@session.js/keypair": "^1.0.8",
        "@session.js/mnemonic": "^1.0.6",
      },
      "devDependencies": {
        "@types/bun": "latest",
      },
      "peerDependencies": {
        "typescript": "^5.0.0",
      },
    },
  },
  "packages": {
    "@noble/ciphers": ["@noble/ciphers@2.1.1", "", {}, "sha512-bysYuiVfhxNJuldNXlFEitTVdNnYUc+XNJZd7Qm2a5j1vZHgY+fazadNFWFaMK/2vye0JVlxV3gHmC0WDfAOQw=="],

    "@noble/curves": ["@noble/curves@2.0.1", "", { "dependencies": { "@noble/hashes": "2.0.1" } }, "sha512-vs1Az2OOTBiP4q0pwjW5aF0xp9n4MxVrmkFBxc6EKZc6ddYx5gaZiAsZoq0uRRXWbi3AT/sBqn05eRPtn1JCPw=="],

    "@noble/hashes": ["@noble/hashes@2.0.1", "", {}, "sha512-XlOlEbQcE9fmuXxrVTXCTlG2nlRXa9Rj3rr5Ue/+tX+nmkgbX720YHh0VR3hBF9xDvwnb8D2shVGOwNx+ulArw=="],

    "@protobufjs/aspromise": ["@protobufjs/aspromise@1.1.2", "", {}, "sha512-j+gKExEuLmKwvz3OgROXtrJ2UG2x8Ch2YZUxahh+s1F2HZ+wAceUNLkvy6zKCPVRkU++ZWQrdxsUeQXmcg4uoQ=="],

    "@protobufjs/base64": ["@protobufjs/base64@1.1.2", "", {}, "sha512-AZkcAA5vnN/v4PDqKyMR5lx7hZttPDgClv83E//FMNhR2TMcLUhfRUBHCmSl0oi9zMgDDqRUJkSxO3wm85+XLg=="],

    "@protobufjs/codegen": ["@protobufjs/codegen@2.0.4", "", {}, "sha512-YyFaikqM5sH0ziFZCN3xDC7zeGaB/d0IUb9CATugHWbd1FRFwWwt4ld4OYMPWu5a3Xe01mGAULCdqhMlPl29Jg=="],

    "@protobufjs/eventemitter": ["@protobufjs/eventemitter@1.1.0", "", {}, "sha512-j9ednRT81vYJ9OfVuXG6ERSTdEL1xVsNgqpkxMsbIabzSo3goCjDIveeGv5d03om39ML71RdmrGNjG5SReBP/Q=="],

    "@protobufjs/fetch": ["@protobufjs/fetch@1.1.0", "", { "dependencies": { "@protobufjs/aspromise": "^1.1.1", "@protobufjs/inquire": "^1.1.0" } }, "sha512-lljVXpqXebpsijW71PZaCYeIcE5on1w5DlQy5WH6GLbFryLUrBD4932W/E2BSpfRJWseIL4v/KPgBFxDOIdKpQ=="],

    "@protobufjs/float": ["@protobufjs/float@1.0.2", "", {}, "sha512-Ddb+kVXlXst9d+R9PfTIxh1EdNkgoRe5tOX6t01f1lYWOvJnSPDBlG241QLzcyPdoNTsblLUdujGSE4RzrTZGQ=="],

    "@protobufjs/inquire": ["@protobufjs/inquire@1.1.0", "", {}, "sha512-kdSefcPdruJiFMVSbn801t4vFK7KB/5gd2fYvrxhuJYg8ILrmn9SKSX2tZdV6V+ksulWqS7aXjBcRXl3wHoD9Q=="],

    "@protobufjs/path": ["@protobufjs/path@1.1.2", "", {}, "sha512-6JOcJ5Tm08dOHAbdR3GrvP+yUUfkjG5ePsHYczMFLq3ZmMkAD98cDgcT2iA1lJ9NVwFd4tH/iSSoe44YWkltEA=="],

    "@protobufjs/pool": ["@protobufjs/pool@1.1.0", "", {}, "sha512-0kELaGSIDBKvcgS4zkjz1PeddatrjYcmMWOlAuAPwAeccUrPHdUqo/J6LiymHHEiJT5NrF1UVwxY14f+fy4WQw=="],

    "@protobufjs/utf8": ["@protobufjs/utf8@1.1.0", "", {}, "sha512-Vvn3zZrhQZkkBE8LSuW3em98c0FwgO4nxzv6OdSxPKJIEKY2bGbHn+mhGIPerzI4twdxaP8/0+06HBpwf345Lw=="],

    "@scure/base": ["@scure/base@2.0.0", "", {}, "sha512-3E1kpuZginKkek01ovG8krQ0Z44E3DHPjc5S2rjJw9lZn3KSQOs8S7wqikF/AH7iRanHypj85uGyxk0XAyC37w=="],

    "@session.js/bun-network": ["@session.js/bun-network@1.0.14", "", { "dependencies": { "@session.js/errors": "^1.0.11", "@session.js/types": "^1.0.14", "lodash": "^4.17.21" }, "peerDependencies": { "typescript": "^5.0.0" } }, "sha512-JOV5nzuAKX42RtR1qvpTwNrz6aDkcbhlogPTUVJ4S4Xut+mrndN6T6V6Gm969urWIA57e6K1vbOLHsGb1C5tJQ=="],

    "@session.js/client": ["@session.js/client@0.0.57", "", { "dependencies": { "@noble/ciphers": "^2.1.1", "@noble/curves": "^2.0.1", "@noble/hashes": "^2.0.1", "@scure/base": "^2.0.0", "@session.js/bun-network": "^1.0.14", "@session.js/consts": "^1.0.4", "@session.js/errors": "^1.0.11", "@session.js/keypair": "^1.0.8", "@session.js/mnemonic": "^1.0.6", "@session.js/types": "^1.0.14", "curve25519-js": "^0.0.4", "lodash": "^4.17.21", "p-retry": "^6.2.0", "protobufjs": "^7.3.0", "uuid": "^13.0.0", "zod": "^3.23.8" }, "peerDependencies": { "typescript": "^5.0.0" } }, "sha512-WJ4ubMCRsT80pb2ZPLReS83UywYm5BHbd9wCtx/KmAvVjfFvXAwk783WS8g6GzfLtL8YKFkvAoZm0VnKcmKmbg=="],

    "@session.js/consts": ["@session.js/consts@1.0.4", "", { "peerDependencies": { "typescript": "^5.0.0" } }, "sha512-T9dxfvyOLsy+XKTUet5KKCH7+G0UJgM3igNqYgidmAtFAgSUommJml4Ikh7ltJ3+k7cw+G1UY4BjtsM1Kpo46w=="],

    "@session.js/errors": ["@session.js/errors@1.0.11", "", { "peerDependencies": { "typescript": "^5.0.0" } }, "sha512-r06Bb/g5P8HjXZF8u/36RFeLe974TbczB227pvTeJtA27PshH8M4o3DBpFl728+6THuIAke8SdOmdNGaElCc9A=="],

    "@session.js/keypair": ["@session.js/keypair@1.0.8", "", { "dependencies": { "@noble/curves": "^2.0.1" }, "peerDependencies": { "typescript": "^5.0.0" } }, "sha512-QRq/Qd6EHGMCiaAPA06g+QPT8Y9YW8vTggIn7GzodWQci7Wmyirr375+HHrbkKdNusHpizN/zJPQsTLPT5cAbw=="],

    "@session.js/mnemonic": ["@session.js/mnemonic@1.0.6", "", { "dependencies": { "@session.js/errors": "^1.0.11" }, "peerDependencies": { "typescript": "^5.0.0" } }, "sha512-pg/dOttuDAKRWGon4lA7e6rCLkxaW4Z5BrVneusk0WGlUARH3I02rZbrLflw5FhXseQeowLhdK7mKnjM3Ghx1A=="],

    "@session.js/types": ["@session.js/types@1.0.14", "", { "dependencies": { "lodash": "^4.17.21", "protobufjs": "^7.3.2" }, "peerDependencies": { "typescript": "^5.0.0" } }, "sha512-jAPFCIvS/IlXVI7KG64gH/E9011Gxl5TVqETPB6jBeIqYTXV8efgVNX9efBaG4XTTXBHxKR6A3av07Iphw7G8A=="],

    "@types/bun": ["@types/bun@1.1.6", "", { "dependencies": { "bun-types": "1.1.17" } }, "sha512-uJgKjTdX0GkWEHZzQzFsJkWp5+43ZS7HC8sZPFnOwnSo1AsNl2q9o2bFeS23disNDqbggEgyFkKCHl/w8iZsMA=="],

    "@types/node": ["@types/node@20.12.14", "", { "dependencies": { "undici-types": "~5.26.4" } }, "sha512-scnD59RpYD91xngrQQLGkE+6UrHUPzeKZWhhjBSa3HSkwjbQc38+q3RoIVEwxQGRw3M+j5hpNAM+lgV3cVormg=="],

    "@types/retry": ["@types/retry@0.12.2", "", {}, "sha512-XISRgDJ2Tc5q4TRqvgJtzsRkFYNJzZrhTdtMoGVBttwzzQJkPnS3WWTFc7kuDRoPtPakl+T+OfdEUjYJj7Jbow=="],

    "@types/ws": ["@types/ws@8.5.11", "", { "dependencies": { "@types/node": "*" } }, "sha512-4+q7P5h3SpJxaBft0Dzpbr6lmMaqh0Jr2tbhJZ/luAwvD7ohSCniYkwz/pLxuT2h0EOa6QADgJj1Ko+TzRfZ+w=="],

    "bun-types": ["bun-types@1.1.17", "", { "dependencies": { "@types/node": "~20.12.8", "@types/ws": "~8.5.10" } }, "sha512-Z4+OplcSd/YZq7ZsrfD00DKJeCwuNY96a1IDJyR73+cTBaFIS7SC6LhpY/W3AMEXO9iYq5NJ58WAwnwL1p5vKg=="],

    "curve25519-js": ["curve25519-js@0.0.4", "", {}, "sha512-axn2UMEnkhyDUPWOwVKBMVIzSQy2ejH2xRGy1wq81dqRwApXfIzfbE3hIX0ZRFBIihf/KDqK158DLwESu4AK1w=="],

    "is-network-error": ["is-network-error@1.1.0", "", {}, "sha512-tUdRRAnhT+OtCZR/LxZelH/C7QtjtFrTu5tXCA8pl55eTUElUHT+GPYV8MBMBvea/j+NxQqVt3LbWMRir7Gx9g=="],

    "lodash": ["lodash@4.17.21", "", {}, "sha512-v2kDEe57lecTulaDIuNTPy3Ry4gLGJ6Z1O3vE1krgXZNrsQ+LFTGHVxVjcXPs17LhbZVGedAJv8XZ1tvj5FvSg=="],

    "long": ["long@5.2.3", "", {}, "sha512-lcHwpNoggQTObv5apGNCTdJrO69eHOZMi4BNC+rTLER8iHAqGrUVeLh/irVIM7zTw2bOXA8T6uNPeujwOLg/2Q=="],

    "p-retry": ["p-retry@6.2.0", "", { "dependencies": { "@types/retry": "0.12.2", "is-network-error": "^1.0.0", "retry": "^0.13.1" } }, "sha512-JA6nkq6hKyWLLasXQXUrO4z8BUZGUt/LjlJxx8Gb2+2ntodU/SS63YZ8b0LUTbQ8ZB9iwOfhEPhg4ykKnn2KsA=="],

    "protobufjs": ["protobufjs@7.3.2", "", { "dependencies": { "@protobufjs/aspromise": "^1.1.2", "@protobufjs/base64": "^1.1.2", "@protobufjs/codegen": "^2.0.4", "@protobufjs/eventemitter": "^1.1.0", "@protobufjs/fetch": "^1.1.0", "@protobufjs/float": "^1.0.2", "@protobufjs/inquire": "^1.1.0", "@protobufjs/path": "^1.1.2", "@protobufjs/pool": "^1.1.0", "@protobufjs/utf8": "^1.1.0", "@types/node": ">=13.7.0", "long": "^5.0.0" } }, "sha512-RXyHaACeqXeqAKGLDl68rQKbmObRsTIn4TYVUUug1KfS47YWCo5MacGITEryugIgZqORCvJWEk4l449POg5Txg=="],

    "retry": ["retry@0.13.1", "", {}, "sha512-XQBQ3I8W1Cge0Seh+6gjj03LbmRFWuoszgK9ooCpwYIrhhoO80pfq4cUkU5DkknwfOfFteRwlZ56PYOGYyFWdg=="],

    "typescript": ["typescript@5.5.4", "", { "bin": { "tsc": "bin/tsc", "tsserver": "bin/tsserver" } }, "sha512-Mtq29sKDAEYP7aljRgtPOpTvOfbwRWlS6dPRzwjdE+C0R4brX/GUyhHSecbHMFLNBLcJIPt9nl9yG5TZ1weH+Q=="],

    "undici-types": ["undici-types@5.26.5", "", {}, "sha512-JlCMO+ehdEIKqlFxk6IfVoAUVmgz7cU7zD/h9XZ0qzeosSHmUJVOzSQvvYSYWXkFXC+IfLKSIffhv0sVZup6pA=="],

    "uuid": ["uuid@13.0.0", "", { "bin": { "uuid": "dist-node/bin/uuid" } }, "sha512-XQegIaBTVUjSHliKqcnFqYypAd4S+WCYt5NIeRs6w/UAry7z8Y9j5ZwRRL4kzq9U3sD6v+85er9FvkEaBpji2w=="],

    "zod": ["zod@3.23.8", "", {}, "sha512-XBx9AXhXktjUqnepgTiE5flcKIYWi/rme0Eaj+5Y0lftuGBq+jyRu/md4WnuxqgP1ubdpNCsYEYPxrzVHD8d6g=="],
  }
}
